{
  "name": "peers",
  "version": "1.0.0",
  "lockfileVersion": 3,
  "requires": true,
  "packages": {
    "": {
      "version": "1.0.0",
      "license": "AGPL-version-3.0",
      "dependencies": {
        "csv": "^6.3.8"
      },
      "devDependencies": {},
      "engines": {
        "node": ">= 14.0.0",
        "npm": ">= 6.0.0"
      }
    },
    "node_modules/csv": {
      "version": "6.3.8",
      "resolved": "https://registry.npmjs.org/csv/-/csv-6.3.8.tgz",
      "integrity": "sha512-gRh3yiT9bHBA5ka2yOpyFqAVu/ZpwWzajMUR/es0ljevAE88WyHBuMUy7jzd2o5j6LYQesEO/AyhbQ9BhbDXUA==",
      "dependencies": {
        "csv-generate": "^4.4.0",
        "csv-parse": "^5.5.5",
        "csv-stringify": "^6.4.6",
        "stream-transform": "^3.3.1"
      },
      "engines": {
        "node": ">= 0.1.90"
      }
    },
    "node_modules/csv-generate": {
      "version": "4.4.0",
      "resolved": "https://registry.npmjs.org/csv-generate/-/csv-generate-4.4.0.tgz",
      "integrity": "sha512-geM01acNPZ0wr4/9sKev5fCzFG/tsc/NbuFWrhLc47M1zQyUdEJH65+cxTLIVafEwhBjIYwQ7fdOL9roBqVltQ=="
    },
    "node_modules/csv-parse": {
      "version": "5.5.5",
      "resolved": "https://registry.npmjs.org/csv-parse/-/csv-parse-5.5.5.tgz",
      "integrity": "sha512-erCk7tyU3yLWAhk6wvKxnyPtftuy/6Ak622gOO7BCJ05+TYffnPCJF905wmOQm+BpkX54OdAl8pveJwUdpnCXQ=="
    },
    "node_modules/csv-stringify": {
      "version": "6.4.6",
      "resolved": "https://registry.npmjs.org/csv-stringify/-/csv-stringify-6.4.6.tgz",
      "integrity": "sha512-h2V2XZ3uOTLilF5dPIptgUfN/o2ia/80Ie0Lly18LAnw5s8Eb7kt8rfxSUy24AztJZas9f6DPZpVlzDUtFt/ag=="
    },
    "node_modules/stream-transform": {
      "version": "3.3.1",
      "resolved": "https://registry.npmjs.org/stream-transform/-/stream-transform-3.3.1.tgz",
      "integrity": "sha512-BL8pv9QL8Ikd11oZwlRDp1qYMhGR0i50zI9ltoijKGc4ubQWal/Rc4p6SYJp1TBOGpE0uAGchwbxOZ1ycwTuqQ=="
    }
  }
}
